{
    "_readme": [
        "This file locks the dependencies of your project to a known state",
        "Read more about it at https://getcomposer.org/doc/01-basic-usage.md#installing-dependencies",
        "This file is @generated automatically"
    ],
    "content-hash": "ad76af3c5d95198b23c0e36ab47b5cb4",
    "packages": [
        {
            "name": "ginger-tek/routy",
            "version": "3.3.1",
            "source": {
                "type": "git",
                "url": "https://github.com/ginger-tek/routy.git",
                "reference": "43d56356b27ebf0c0eb0d87157cb5207923400d9"
            },
            "dist": {
                "type": "zip",
                "url": "https://api.github.com/repos/ginger-tek/routy/zipball/43d56356b27ebf0c0eb0d87157cb5207923400d9",
                "reference": "43d56356b27ebf0c0eb0d87157cb5207923400d9",
                "shasum": ""
            },
            "require": {
                "php": ">=8.1.0"
            },
            "type": "library",
            "autoload": {
                "psr-0": {
                    "GingerTek": "src/"
                }
            },
            "notification-url": "https://packagist.org/downloads/",
            "license": [
                "MIT"
            ],
            "authors": [
                {
                    "name": "GingerTek",
                    "homepage": "https://github.com/ginger-tek"
                }
            ],
            "description": "A REST API and MPA router for PHP 8+",
            "homepage": "https://github.com/ginger-tek/routy",
            "keywords": [
                "api",
                "mpa",
                "rest",
                "router",
                "routing"
            ],
            "support": {
                "issues": "https://github.com/ginger-tek/routy/issues",
                "source": "https://github.com/ginger-tek/routy/tree/3.3.1"
            },
            "time": "2024-02-24T04:17:03+00:00"
        }
    ],
    "packages-dev": [],
    "aliases": [],
    "minimum-stability": "stable",
    "stability-flags": [],
    "prefer-stable": false,
    "prefer-lowest": false,
    "platform": [],
    "platform-dev": [],
    "plugin-api-version": "2.6.0"
}
